
Microsoft Visual Studio Solution File, Format Version 12.00
Project("{FAE04EC0-301F-11D3-BF4B-00C04F79EFBC}") = "LinkedList", "LinkedList\LinkedList.csproj", "{7779238C-9446-4C13-BE27-1C26F428F9A7}"
EndProject
Global
	GlobalSection(SolutionConfigurationPlatforms) = preSolution
		Debug|Any CPU = Debug|Any CPU
		Release|Any CPU = Release|Any CPU
	EndGlobalSection
	GlobalSection(ProjectConfigurationPlatforms) = postSolution
		{7779238C-9446-4C13-BE27-1C26F428F9A7}.Debug|Any CPU.ActiveCfg = Debug|Any CPU
		{7779238C-9446-4C13-BE27-1C26F428F9A7}.Debug|Any CPU.Build.0 = Debug|Any CPU
		{7779238C-9446-4C13-BE27-1C26F428F9A7}.Release|Any CPU.ActiveCfg = Release|Any CPU
		{7779238C-9446-4C13-BE27-1C26F428F9A7}.Release|Any CPU.Build.0 = Release|Any CPU
	EndGlobalSection
EndGlobal
