
Microsoft Visual Studio Solution File, Format Version 12.00
Project("{FAE04EC0-301F-11D3-BF4B-00C04F79EFBC}") = "DBControll", "DBControll\DBControll.csproj", "{8308508F-13C7-4A59-B873-166CAF2FC569}"
EndProject
Global
	GlobalSection(SolutionConfigurationPlatforms) = preSolution
		Debug|Any CPU = Debug|Any CPU
		Release|Any CPU = Release|Any CPU
	EndGlobalSection
	GlobalSection(ProjectConfigurationPlatforms) = postSolution
		{8308508F-13C7-4A59-B873-166CAF2FC569}.Debug|Any CPU.ActiveCfg = Debug|Any CPU
		{8308508F-13C7-4A59-B873-166CAF2FC569}.Debug|Any CPU.Build.0 = Debug|Any CPU
		{8308508F-13C7-4A59-B873-166CAF2FC569}.Release|Any CPU.ActiveCfg = Release|Any CPU
		{8308508F-13C7-4A59-B873-166CAF2FC569}.Release|Any CPU.Build.0 = Release|Any CPU
	EndGlobalSection
EndGlobal
