
Microsoft Visual Studio Solution File, Format Version 12.00
# Visual Studio Version 16
VisualStudioVersion = 16.0.30204.135
MinimumVisualStudioVersion = 10.0.40219.1
Project("{FAE04EC0-301F-11D3-BF4B-00C04F79EFBC}") = "DBFirst", "DBFirst\DBFirst.csproj", "{1480571F-91F9-47F8-ACB5-0F6583EC040C}"
EndProject
Global
	GlobalSection(SolutionConfigurationPlatforms) = preSolution
		Debug|Any CPU = Debug|Any CPU
		Release|Any CPU = Release|Any CPU
	EndGlobalSection
	GlobalSection(ProjectConfigurationPlatforms) = postSolution
		{1480571F-91F9-47F8-ACB5-0F6583EC040C}.Debug|Any CPU.ActiveCfg = Debug|Any CPU
		{1480571F-91F9-47F8-ACB5-0F6583EC040C}.Debug|Any CPU.Build.0 = Debug|Any CPU
		{1480571F-91F9-47F8-ACB5-0F6583EC040C}.Release|Any CPU.ActiveCfg = Release|Any CPU
		{1480571F-91F9-47F8-ACB5-0F6583EC040C}.Release|Any CPU.Build.0 = Release|Any CPU
	EndGlobalSection
	GlobalSection(SolutionProperties) = preSolution
		HideSolutionNode = FALSE
	EndGlobalSection
	GlobalSection(ExtensibilityGlobals) = postSolution
		SolutionGuid = {F00655E6-EC15-4B3D-8F80-89765CDD4026}
	EndGlobalSection
EndGlobal
