
Microsoft Visual Studio Solution File, Format Version 12.00
Project("{FAE04EC0-301F-11D3-BF4B-00C04F79EFBC}") = "VernamCipher", "VernamCipher\VernamCipher.csproj", "{8E37F6AE-0DE1-4BFB-AEBE-5E9A1262BE58}"
EndProject
Global
	GlobalSection(SolutionConfigurationPlatforms) = preSolution
		Debug|Any CPU = Debug|Any CPU
		Release|Any CPU = Release|Any CPU
	EndGlobalSection
	GlobalSection(ProjectConfigurationPlatforms) = postSolution
		{8E37F6AE-0DE1-4BFB-AEBE-5E9A1262BE58}.Debug|Any CPU.ActiveCfg = Debug|Any CPU
		{8E37F6AE-0DE1-4BFB-AEBE-5E9A1262BE58}.Debug|Any CPU.Build.0 = Debug|Any CPU
		{8E37F6AE-0DE1-4BFB-AEBE-5E9A1262BE58}.Release|Any CPU.ActiveCfg = Release|Any CPU
		{8E37F6AE-0DE1-4BFB-AEBE-5E9A1262BE58}.Release|Any CPU.Build.0 = Release|Any CPU
	EndGlobalSection
EndGlobal
