
Microsoft Visual Studio Solution File, Format Version 12.00
Project("{FAE04EC0-301F-11D3-BF4B-00C04F79EFBC}") = "LINQ", "LINQ\LINQ.csproj", "{2ADBF6CF-D8C8-4542-B75A-D3600B8DBA15}"
EndProject
Global
	GlobalSection(SolutionConfigurationPlatforms) = preSolution
		Debug|Any CPU = Debug|Any CPU
		Release|Any CPU = Release|Any CPU
	EndGlobalSection
	GlobalSection(ProjectConfigurationPlatforms) = postSolution
		{2ADBF6CF-D8C8-4542-B75A-D3600B8DBA15}.Debug|Any CPU.ActiveCfg = Debug|Any CPU
		{2ADBF6CF-D8C8-4542-B75A-D3600B8DBA15}.Debug|Any CPU.Build.0 = Debug|Any CPU
		{2ADBF6CF-D8C8-4542-B75A-D3600B8DBA15}.Release|Any CPU.ActiveCfg = Release|Any CPU
		{2ADBF6CF-D8C8-4542-B75A-D3600B8DBA15}.Release|Any CPU.Build.0 = Release|Any CPU
	EndGlobalSection
EndGlobal
